PODS:
  - app_links (0.0.1):
    - Flutter
  - Flutter (1.0.0)
  - image_picker_ios (0.0.1):
    - Flutter
  - path_provider_foundation (0.0.1):
    - Flutter
    - FlutterMacOS
  - url_launcher_ios (0.0.1):
    - Flutter
  - webview_flutter_wkwebview (0.0.1):
    - Flutter

DEPENDENCIES:
  - app_links (from `.symlinks/plugins/app_links/ios`)
  - Flutter (from `Flutter`)
  - image_picker_ios (from `.symlinks/plugins/image_picker_ios/ios`)
  - path_provider_foundation (from `.symlinks/plugins/path_provider_foundation/darwin`)
  - url_launcher_ios (from `.symlinks/plugins/url_launcher_ios/ios`)
  - webview_flutter_wkwebview (from `.symlinks/plugins/webview_flutter_wkwebview/ios`)

EXTERNAL SOURCES:
  app_links:
    :path: ".symlinks/plugins/app_links/ios"
  Flutter:
    :path: Flutter
  image_picker_ios:
    :path: ".symlinks/plugins/image_picker_ios/ios"
  path_provider_foundation:
    :path: ".symlinks/plugins/path_provider_foundation/darwin"
  url_launcher_ios:
    :path: ".symlinks/plugins/url_launcher_ios/ios"
  webview_flutter_wkwebview:
    :path: ".symlinks/plugins/webview_flutter_wkwebview/ios"

SPEC CHECKSUMS:
  app_links: c5161ac5ab5383ad046884568b4b91cb52df5d91
  Flutter: f04841e97a9d0b0a8025694d0796dd46242b2854
  image_picker_ios: 85f2b3c9fb98c09d63725c4d12ebd585b56ec35d
  path_provider_foundation: 608fcb11be570ce83519b076ab6a1fffe2474f05
  url_launcher_ios: 9d5365b30ff416ba8e3d917bae5f7fb25f6a4a89
  webview_flutter_wkwebview: daa94b5ed120e19439eb7f797649768d6360ebdd

PODFILE CHECKSUM: 4bb0d5af7b0a7a18570b26cd09a55bf9a905f81f

COCOAPODS: 1.16.2
